{
    "_meta": {
        "hash": {
            "sha256": "c78be6f79f6d757a285840fa0974328b978b828b9291c4ca88a2a57efc5a1de1"
        },
        "pipfile-spec": 6,
        "requires": {
            "python_version": "3.5"
        },
        "sources": [
            {
                "name": "pypi",
                "url": "https://pypi.org/simple",
                "verify_ssl": true
            }
        ]
    },
    "default": {
        "ifc-model": {
            "path": "./ifc_model"
        }
    },
    "develop": {}
}
