{
    "_meta": {
        "hash": {
            "sha256": "7593e9aa44b11dcced9304f70a7c38f951a824f4da16de72b13e04cd65f839fe"
        },
        "pipfile-spec": 6,
        "requires": {
            "python_version": "3.6"
        },
        "sources": [
            {
                "name": "pypi",
                "url": "https://pypi.org/simple",
                "verify_ssl": true
            }
        ]
    },
    "default": {
        "ifc-model": {
            "path": "./ifc_model"
        }
    },
    "develop": {}
}
